// !$*UTF8*$!
{
	archiveVersion = 1;
	classes = {
	};
	objectVersion = 56;
	objects = {

/* Begin PBXBuildFile section */
		17056A432C4E39C3001D5392 /* SnapKit in Frameworks */ = {isa = PBXBuildFile; productRef = 17056A422C4E39C3001D5392 /* SnapKit */; };
		17056A472C4E3FB8001D5392 /* FirstVC.swift in Sources */ = {isa = PBXBuildFile; fileRef = 17056A462C4E3FB8001D5392 /* FirstVC.swift */; };
		17056A492C4E4736001D5392 /* SecondVC.swift in Sources */ = {isa = PBXBuildFile; fileRef = 17056A482C4E4736001D5392 /* SecondVC.swift */; };
		17056A4B2C4E49E4001D5392 /* ThirdVC.swift in Sources */ = {isa = PBXBuildFile; fileRef = 17056A4A2C4E49E4001D5392 /* ThirdVC.swift */; };
		17056A4D2C4E4BDE001D5392 /* FourthVC.swift in Sources */ = {isa = PBXBuildFile; fileRef = 17056A4C2C4E4BDE001D5392 /* FourthVC.swift */; };
		17056A4F2C4E4D2D001D5392 /* FifthVC.swift in Sources */ = {isa = PBXBuildFile; fileRef = 17056A4E2C4E4D2D001D5392 /* FifthVC.swift */; };
		17056A512C4E4D37001D5392 /* SixthVC.swift in Sources */ = {isa = PBXBuildFile; fileRef = 17056A502C4E4D37001D5392 /* SixthVC.swift */; };
		17056A532C4E4D43001D5392 /* SeventhVC.swift in Sources */ = {isa = PBXBuildFile; fileRef = 17056A522C4E4D43001D5392 /* SeventhVC.swift */; };
		17056A552C4E4E1E001D5392 /* FinalVC.swift in Sources */ = {isa = PBXBuildFile; fileRef = 17056A542C4E4E1E001D5392 /* FinalVC.swift */; };
		17FD49AB2C49300900E48F95 /* AppDelegate.swift in Sources */ = {isa = PBXBuildFile; fileRef = 17FD49AA2C49300900E48F95 /* AppDelegate.swift */; };
		17FD49AD2C49300900E48F95 /* SceneDelegate.swift in Sources */ = {isa = PBXBuildFile; fileRef = 17FD49AC2C49300900E48F95 /* SceneDelegate.swift */; };
		17FD49AF2C49300900E48F95 /* ViewController.swift in Sources */ = {isa = PBXBuildFile; fileRef = 17FD49AE2C49300900E48F95 /* ViewController.swift */; };
		17FD49B42C49300A00E48F95 /* Assets.xcassets in Resources */ = {isa = PBXBuildFile; fileRef = 17FD49B32C49300A00E48F95 /* Assets.xcassets */; };
		17FD49B72C49300A00E48F95 /* Base in Resources */ = {isa = PBXBuildFile; fileRef = 17FD49B62C49300A00E48F95 /* Base */; };
		17FD49C02C49307100E48F95 /* Hero in Frameworks */ = {isa = PBXBuildFile; productRef = 17FD49BF2C49307100E48F95 /* Hero */; };
/* End PBXBuildFile section */

/* Begin PBXFileReference section */
		17056A462C4E3FB8001D5392 /* FirstVC.swift */ = {isa = PBXFileReference; lastKnownFileType = sourcecode.swift; path = FirstVC.swift; sourceTree = "<group>"; };
		17056A482C4E4736001D5392 /* SecondVC.swift */ = {isa = PBXFileReference; lastKnownFileType = sourcecode.swift; path = SecondVC.swift; sourceTree = "<group>"; };
		17056A4A2C4E49E4001D5392 /* ThirdVC.swift */ = {isa = PBXFileReference; lastKnownFileType = sourcecode.swift; path = ThirdVC.swift; sourceTree = "<group>"; };
		17056A4C2C4E4BDE001D5392 /* FourthVC.swift */ = {isa = PBXFileReference; lastKnownFileType = sourcecode.swift; path = FourthVC.swift; sourceTree = "<group>"; };
		17056A4E2C4E4D2D001D5392 /* FifthVC.swift */ = {isa = PBXFileReference; lastKnownFileType = sourcecode.swift; path = FifthVC.swift; sourceTree = "<group>"; };
		17056A502C4E4D37001D5392 /* SixthVC.swift */ = {isa = PBXFileReference; lastKnownFileType = sourcecode.swift; path = SixthVC.swift; sourceTree = "<group>"; };
		17056A522C4E4D43001D5392 /* SeventhVC.swift */ = {isa = PBXFileReference; lastKnownFileType = sourcecode.swift; path = SeventhVC.swift; sourceTree = "<group>"; };
		17056A542C4E4E1E001D5392 /* FinalVC.swift */ = {isa = PBXFileReference; lastKnownFileType = sourcecode.swift; path = FinalVC.swift; sourceTree = "<group>"; };
		17FD49A72C49300900E48F95 /* HeroProject.app */ = {isa = PBXFileReference; explicitFileType = wrapper.application; includeInIndex = 0; path = HeroProject.app; sourceTree = BUILT_PRODUCTS_DIR; };
		17FD49AA2C49300900E48F95 /* AppDelegate.swift */ = {isa = PBXFileReference; lastKnownFileType = sourcecode.swift; path = AppDelegate.swift; sourceTree = "<group>"; };
		17FD49AC2C49300900E48F95 /* SceneDelegate.swift */ = {isa = PBXFileReference; lastKnownFileType = sourcecode.swift; path = SceneDelegate.swift; sourceTree = "<group>"; };
		17FD49AE2C49300900E48F95 /* ViewController.swift */ = {isa = PBXFileReference; lastKnownFileType = sourcecode.swift; path = ViewController.swift; sourceTree = "<group>"; };
		17FD49B32C49300A00E48F95 /* Assets.xcassets */ = {isa = PBXFileReference; lastKnownFileType = folder.assetcatalog; path = Assets.xcassets; sourceTree = "<group>"; };
		17FD49B62C49300A00E48F95 /* Base */ = {isa = PBXFileReference; lastKnownFileType = file.storyboard; name = Base; path = Base.lproj/LaunchScreen.storyboard; sourceTree = "<group>"; };
		17FD49B82C49300A00E48F95 /* Info.plist */ = {isa = PBXFileReference; lastKnownFileType = text.plist.xml; path = Info.plist; sourceTree = "<group>"; };
/* End PBXFileReference section */

/* Begin PBXFrameworksBuildPhase section */
		17FD49A42C49300900E48F95 /* Frameworks */ = {
			isa = PBXFrameworksBuildPhase;
			buildActionMask = 2147483647;
			files = (
				17FD49C02C49307100E48F95 /* Hero in Frameworks */,
				17056A432C4E39C3001D5392 /* SnapKit in Frameworks */,
			);
			runOnlyForDeploymentPostprocessing = 0;
		};
/* End PBXFrameworksBuildPhase section */

/* Begin PBXGroup section */
		17FD499E2C49300900E48F95 = {
			isa = PBXGroup;
			children = (
				17FD49A92C49300900E48F95 /* HeroProject */,
				17FD49A82C49300900E48F95 /* Products */,
			);
			sourceTree = "<group>";
		};
		17FD49A82C49300900E48F95 /* Products */ = {
			isa = PBXGroup;
			children = (
				17FD49A72C49300900E48F95 /* HeroProject.app */,
			);
			name = Products;
			sourceTree = "<group>";
		};
		17FD49A92C49300900E48F95 /* HeroProject */ = {
			isa = PBXGroup;
			children = (
				17FD49AA2C49300900E48F95 /* AppDelegate.swift */,
				17FD49AC2C49300900E48F95 /* SceneDelegate.swift */,
				17FD49AE2C49300900E48F95 /* ViewController.swift */,
				17056A462C4E3FB8001D5392 /* FirstVC.swift */,
				17056A482C4E4736001D5392 /* SecondVC.swift */,
				17056A4A2C4E49E4001D5392 /* ThirdVC.swift */,
				17056A4C2C4E4BDE001D5392 /* FourthVC.swift */,
				17056A4E2C4E4D2D001D5392 /* FifthVC.swift */,
				17056A502C4E4D37001D5392 /* SixthVC.swift */,
				17056A522C4E4D43001D5392 /* SeventhVC.swift */,
				17056A542C4E4E1E001D5392 /* FinalVC.swift */,
				17FD49B32C49300A00E48F95 /* Assets.xcassets */,
				17FD49B52C49300A00E48F95 /* LaunchScreen.storyboard */,
				17FD49B82C49300A00E48F95 /* Info.plist */,
			);
			path = HeroProject;
			sourceTree = "<group>";
		};
/* End PBXGroup section */

/* Begin PBXNativeTarget section */
		17FD49A62C49300900E48F95 /* HeroProject */ = {
			isa = PBXNativeTarget;
			buildConfigurationList = 17FD49BB2C49300A00E48F95 /* Build configuration list for PBXNativeTarget "HeroProject" */;
			buildPhases = (
				17FD49A32C49300900E48F95 /* Sources */,
				17FD49A42C49300900E48F95 /* Frameworks */,
				17FD49A52C49300900E48F95 /* Resources */,
			);
			buildRules = (
			);
			dependencies = (
			);
			name = HeroProject;
			packageProductDependencies = (
				17FD49BF2C49307100E48F95 /* Hero */,
				17056A422C4E39C3001D5392 /* SnapKit */,
			);
			productName = HeroProject;
			productReference = 17FD49A72C49300900E48F95 /* HeroProject.app */;
			productType = "com.apple.product-type.application";
		};
/* End PBXNativeTarget section */

/* Begin PBXProject section */
		17FD499F2C49300900E48F95 /* Project object */ = {
			isa = PBXProject;
			attributes = {
				BuildIndependentTargetsInParallel = 1;
				LastSwiftUpdateCheck = 1540;
				LastUpgradeCheck = 1540;
				TargetAttributes = {
					17FD49A62C49300900E48F95 = {
						CreatedOnToolsVersion = 15.4;
					};
				};
			};
			buildConfigurationList = 17FD49A22C49300900E48F95 /* Build configuration list for PBXProject "HeroProject" */;
			compatibilityVersion = "Xcode 14.0";
			developmentRegion = en;
			hasScannedForEncodings = 0;
			knownRegions = (
				en,
				Base,
			);
			mainGroup = 17FD499E2C49300900E48F95;
			packageReferences = (
				17FD49BE2C49307100E48F95 /* XCRemoteSwiftPackageReference "Hero" */,
				17056A412C4E39C3001D5392 /* XCRemoteSwiftPackageReference "SnapKit" */,
			);
			productRefGroup = 17FD49A82C49300900E48F95 /* Products */;
			projectDirPath = "";
			projectRoot = "";
			targets = (
				17FD49A62C49300900E48F95 /* HeroProject */,
			);
		};
/* End PBXProject section */

/* Begin PBXResourcesBuildPhase section */
		17FD49A52C49300900E48F95 /* Resources */ = {
			isa = PBXResourcesBuildPhase;
			buildActionMask = 2147483647;
			files = (
				17FD49B42C49300A00E48F95 /* Assets.xcassets in Resources */,
				17FD49B72C49300A00E48F95 /* Base in Resources */,
			);
			runOnlyForDeploymentPostprocessing = 0;
		};
/* End PBXResourcesBuildPhase section */

/* Begin PBXSourcesBuildPhase section */
		17FD49A32C49300900E48F95 /* Sources */ = {
			isa = PBXSourcesBuildPhase;
			buildActionMask = 2147483647;
			files = (
				17056A4B2C4E49E4001D5392 /* ThirdVC.swift in Sources */,
				17FD49AF2C49300900E48F95 /* ViewController.swift in Sources */,
				17056A4F2C4E4D2D001D5392 /* FifthVC.swift in Sources */,
				17056A492C4E4736001D5392 /* SecondVC.swift in Sources */,
				17056A532C4E4D43001D5392 /* SeventhVC.swift in Sources */,
				17056A472C4E3FB8001D5392 /* FirstVC.swift in Sources */,
				17FD49AB2C49300900E48F95 /* AppDelegate.swift in Sources */,
				17056A4D2C4E4BDE001D5392 /* FourthVC.swift in Sources */,
				17056A512C4E4D37001D5392 /* SixthVC.swift in Sources */,
				17FD49AD2C49300900E48F95 /* SceneDelegate.swift in Sources */,
				17056A552C4E4E1E001D5392 /* FinalVC.swift in Sources */,
			);
			runOnlyForDeploymentPostprocessing = 0;
		};
/* End PBXSourcesBuildPhase section */

/* Begin PBXVariantGroup section */
		17FD49B52C49300A00E48F95 /* LaunchScreen.storyboard */ = {
			isa = PBXVariantGroup;
			children = (
				17FD49B62C49300A00E48F95 /* Base */,
			);
			name = LaunchScreen.storyboard;
			sourceTree = "<group>";
		};
/* End PBXVariantGroup section */

/* Begin XCBuildConfiguration section */
		17FD49B92C49300A00E48F95 /* Debug */ = {
			isa = XCBuildConfiguration;
			buildSettings = {
				ALWAYS_SEARCH_USER_PATHS = NO;
				ASSETCATALOG_COMPILER_GENERATE_SWIFT_ASSET_SYMBOL_EXTENSIONS = YES;
				CLANG_ANALYZER_NONNULL = YES;
				CLANG_ANALYZER_NUMBER_OBJECT_CONVERSION = YES_AGGRESSIVE;
				CLANG_CXX_LANGUAGE_STANDARD = "gnu++20";
				CLANG_ENABLE_MODULES = YES;
				CLANG_ENABLE_OBJC_ARC = YES;
				CLANG_ENABLE_OBJC_WEAK = YES;
				CLANG_WARN_BLOCK_CAPTURE_AUTORELEASING = YES;
				CLANG_WARN_BOOL_CONVERSION = YES;
				CLANG_WARN_COMMA = YES;
				CLANG_WARN_CONSTANT_CONVERSION = YES;
				CLANG_WARN_DEPRECATED_OBJC_IMPLEMENTATIONS = YES;
				CLANG_WARN_DIRECT_OBJC_ISA_USAGE = YES_ERROR;
				CLANG_WARN_DOCUMENTATION_COMMENTS = YES;
				CLANG_WARN_EMPTY_BODY = YES;
				CLANG_WARN_ENUM_CONVERSION = YES;
				CLANG_WARN_INFINITE_RECURSION = YES;
				CLANG_WARN_INT_CONVERSION = YES;
				CLANG_WARN_NON_LITERAL_NULL_CONVERSION = YES;
				CLANG_WARN_OBJC_IMPLICIT_RETAIN_SELF = YES;
				CLANG_WARN_OBJC_LITERAL_CONVERSION = YES;
				CLANG_WARN_OBJC_ROOT_CLASS = YES_ERROR;
				CLANG_WARN_QUOTED_INCLUDE_IN_FRAMEWORK_HEADER = YES;
				CLANG_WARN_RANGE_LOOP_ANALYSIS = YES;
				CLANG_WARN_STRICT_PROTOTYPES = YES;
				CLANG_WARN_SUSPICIOUS_MOVE = YES;
				CLANG_WARN_UNGUARDED_AVAILABILITY = YES_AGGRESSIVE;
				CLANG_WARN_UNREACHABLE_CODE = YES;
				CLANG_WARN__DUPLICATE_METHOD_MATCH = YES;
				COPY_PHASE_STRIP = NO;
				DEBUG_INFORMATION_FORMAT = dwarf;
				ENABLE_STRICT_OBJC_MSGSEND = YES;
				ENABLE_TESTABILITY = YES;
				ENABLE_USER_SCRIPT_SANDBOXING = YES;
				GCC_C_LANGUAGE_STANDARD = gnu17;
				GCC_DYNAMIC_NO_PIC = NO;
				GCC_NO_COMMON_BLOCKS = YES;
				GCC_OPTIMIZATION_LEVEL = 0;
				GCC_PREPROCESSOR_DEFINITIONS = (
					"DEBUG=1",
					"$(inherited)",
				);
				GCC_WARN_64_TO_32_BIT_CONVERSION = YES;
				GCC_WARN_ABOUT_RETURN_TYPE = YES_ERROR;
				GCC_WARN_UNDECLARED_SELECTOR = YES;
				GCC_WARN_UNINITIALIZED_AUTOS = YES_AGGRESSIVE;
				GCC_WARN_UNUSED_FUNCTION = YES;
				GCC_WARN_UNUSED_VARIABLE = YES;
				IPHONEOS_DEPLOYMENT_TARGET = 17.5;
				LOCALIZATION_PREFERS_STRING_CATALOGS = YES;
				MTL_ENABLE_DEBUG_INFO = INCLUDE_SOURCE;
				MTL_FAST_MATH = YES;
				ONLY_ACTIVE_ARCH = YES;
				SDKROOT = iphoneos;
				SWIFT_ACTIVE_COMPILATION_CONDITIONS = "DEBUG $(inherited)";
				SWIFT_OPTIMIZATION_LEVEL = "-Onone";
			};
			name = Debug;
		};
		17FD49BA2C49300A00E48F95 /* Release */ = {
			isa = XCBuildConfiguration;
			buildSettings = {
				ALWAYS_SEARCH_USER_PATHS = NO;
				ASSETCATALOG_COMPILER_GENERATE_SWIFT_ASSET_SYMBOL_EXTENSIONS = YES;
				CLANG_ANALYZER_NONNULL = YES;
				CLANG_ANALYZER_NUMBER_OBJECT_CONVERSION = YES_AGGRESSIVE;
				CLANG_CXX_LANGUAGE_STANDARD = "gnu++20";
				CLANG_ENABLE_MODULES = YES;
				CLANG_ENABLE_OBJC_ARC = YES;
				CLANG_ENABLE_OBJC_WEAK = YES;
				CLANG_WARN_BLOCK_CAPTURE_AUTORELEASING = YES;
				CLANG_WARN_BOOL_CONVERSION = YES;
				CLANG_WARN_COMMA = YES;
				CLANG_WARN_CONSTANT_CONVERSION = YES;
				CLANG_WARN_DEPRECATED_OBJC_IMPLEMENTATIONS = YES;
				CLANG_WARN_DIRECT_OBJC_ISA_USAGE = YES_ERROR;
				CLANG_WARN_DOCUMENTATION_COMMENTS = YES;
				CLANG_WARN_EMPTY_BODY = YES;
				CLANG_WARN_ENUM_CONVERSION = YES;
				CLANG_WARN_INFINITE_RECURSION = YES;
				CLANG_WARN_INT_CONVERSION = YES;
				CLANG_WARN_NON_LITERAL_NULL_CONVERSION = YES;
				CLANG_WARN_OBJC_IMPLICIT_RETAIN_SELF = YES;
				CLANG_WARN_OBJC_LITERAL_CONVERSION = YES;
				CLANG_WARN_OBJC_ROOT_CLASS = YES_ERROR;
				CLANG_WARN_QUOTED_INCLUDE_IN_FRAMEWORK_HEADER = YES;
				CLANG_WARN_RANGE_LOOP_ANALYSIS = YES;
				CLANG_WARN_STRICT_PROTOTYPES = YES;
				CLANG_WARN_SUSPICIOUS_MOVE = YES;
				CLANG_WARN_UNGUARDED_AVAILABILITY = YES_AGGRESSIVE;
				CLANG_WARN_UNREACHABLE_CODE = YES;
				CLANG_WARN__DUPLICATE_METHOD_MATCH = YES;
				COPY_PHASE_STRIP = NO;
				DEBUG_INFORMATION_FORMAT = "dwarf-with-dsym";
				ENABLE_NS_ASSERTIONS = NO;
				ENABLE_STRICT_OBJC_MSGSEND = YES;
				ENABLE_USER_SCRIPT_SANDBOXING = YES;
				GCC_C_LANGUAGE_STANDARD = gnu17;
				GCC_NO_COMMON_BLOCKS = YES;
				GCC_WARN_64_TO_32_BIT_CONVERSION = YES;
				GCC_WARN_ABOUT_RETURN_TYPE = YES_ERROR;
				GCC_WARN_UNDECLARED_SELECTOR = YES;
				GCC_WARN_UNINITIALIZED_AUTOS = YES_AGGRESSIVE;
				GCC_WARN_UNUSED_FUNCTION = YES;
				GCC_WARN_UNUSED_VARIABLE = YES;
				IPHONEOS_DEPLOYMENT_TARGET = 17.5;
				LOCALIZATION_PREFERS_STRING_CATALOGS = YES;
				MTL_ENABLE_DEBUG_INFO = NO;
				MTL_FAST_MATH = YES;
				SDKROOT = iphoneos;
				SWIFT_COMPILATION_MODE = wholemodule;
				VALIDATE_PRODUCT = YES;
			};
			name = Release;
		};
		17FD49BC2C49300A00E48F95 /* Debug */ = {
			isa = XCBuildConfiguration;
			buildSettings = {
				ASSETCATALOG_COMPILER_APPICON_NAME = AppIcon;
				ASSETCATALOG_COMPILER_GLOBAL_ACCENT_COLOR_NAME = AccentColor;
				CODE_SIGN_STYLE = Automatic;
				CURRENT_PROJECT_VERSION = 1;
				DEVELOPMENT_TEAM = PDGSV55NXV;
				GENERATE_INFOPLIST_FILE = YES;
				INFOPLIST_FILE = HeroProject/Info.plist;
				INFOPLIST_KEY_UIApplicationSupportsIndirectInputEvents = YES;
				INFOPLIST_KEY_UILaunchStoryboardName = LaunchScreen;
				INFOPLIST_KEY_UISupportedInterfaceOrientations_iPad = "UIInterfaceOrientationPortrait UIInterfaceOrientationPortraitUpsideDown UIInterfaceOrientationLandscapeLeft UIInterfaceOrientationLandscapeRight";
				INFOPLIST_KEY_UISupportedInterfaceOrientations_iPhone = "UIInterfaceOrientationPortrait UIInterfaceOrientationLandscapeLeft UIInterfaceOrientationLandscapeRight";
				LD_RUNPATH_SEARCH_PATHS = (
					"$(inherited)",
					"@executable_path/Frameworks",
				);
				MARKETING_VERSION = 1.0;
				PRODUCT_BUNDLE_IDENTIFIER = com.omerkeskin.HeroProject;
				PRODUCT_NAME = "$(TARGET_NAME)";
				SWIFT_EMIT_LOC_STRINGS = YES;
				SWIFT_VERSION = 5.0;
				TARGETED_DEVICE_FAMILY = "1,2";
			};
			name = Debug;
		};
		17FD49BD2C49300A00E48F95 /* Release */ = {
			isa = XCBuildConfiguration;
			buildSettings = {
				ASSETCATALOG_COMPILER_APPICON_NAME = AppIcon;
				ASSETCATALOG_COMPILER_GLOBAL_ACCENT_COLOR_NAME = AccentColor;
				CODE_SIGN_STYLE = Automatic;
				CURRENT_PROJECT_VERSION = 1;
				DEVELOPMENT_TEAM = PDGSV55NXV;
				GENERATE_INFOPLIST_FILE = YES;
				INFOPLIST_FILE = HeroProject/Info.plist;
				INFOPLIST_KEY_UIApplicationSupportsIndirectInputEvents = YES;
				INFOPLIST_KEY_UILaunchStoryboardName = LaunchScreen;
				INFOPLIST_KEY_UISupportedInterfaceOrientations_iPad = "UIInterfaceOrientationPortrait UIInterfaceOrientationPortraitUpsideDown UIInterfaceOrientationLandscapeLeft UIInterfaceOrientationLandscapeRight";
				INFOPLIST_KEY_UISupportedInterfaceOrientations_iPhone = "UIInterfaceOrientationPortrait UIInterfaceOrientationLandscapeLeft UIInterfaceOrientationLandscapeRight";
				LD_RUNPATH_SEARCH_PATHS = (
					"$(inherited)",
					"@executable_path/Frameworks",
				);
				MARKETING_VERSION = 1.0;
				PRODUCT_BUNDLE_IDENTIFIER = com.omerkeskin.HeroProject;
				PRODUCT_NAME = "$(TARGET_NAME)";
				SWIFT_EMIT_LOC_STRINGS = YES;
				SWIFT_VERSION = 5.0;
				TARGETED_DEVICE_FAMILY = "1,2";
			};
			name = Release;
		};
/* End XCBuildConfiguration section */

/* Begin XCConfigurationList section */
		17FD49A22C49300900E48F95 /* Build configuration list for PBXProject "HeroProject" */ = {
			isa = XCConfigurationList;
			buildConfigurations = (
				17FD49B92C49300A00E48F95 /* Debug */,
				17FD49BA2C49300A00E48F95 /* Release */,
			);
			defaultConfigurationIsVisible = 0;
			defaultConfigurationName = Release;
		};
		17FD49BB2C49300A00E48F95 /* Build configuration list for PBXNativeTarget "HeroProject" */ = {
			isa = XCConfigurationList;
			buildConfigurations = (
				17FD49BC2C49300A00E48F95 /* Debug */,
				17FD49BD2C49300A00E48F95 /* Release */,
			);
			defaultConfigurationIsVisible = 0;
			defaultConfigurationName = Release;
		};
/* End XCConfigurationList section */

/* Begin XCRemoteSwiftPackageReference section */
		17056A412C4E39C3001D5392 /* XCRemoteSwiftPackageReference "SnapKit" */ = {
			isa = XCRemoteSwiftPackageReference;
			repositoryURL = "https://github.com/SnapKit/SnapKit.git";
			requirement = {
				kind = upToNextMajorVersion;
				minimumVersion = 5.7.1;
			};
		};
		17FD49BE2C49307100E48F95 /* XCRemoteSwiftPackageReference "Hero" */ = {
			isa = XCRemoteSwiftPackageReference;
			repositoryURL = "https://github.com/HeroTransitions/Hero.git";
			requirement = {
				kind = upToNextMajorVersion;
				minimumVersion = 1.6.3;
			};
		};
/* End XCRemoteSwiftPackageReference section */

/* Begin XCSwiftPackageProductDependency section */
		17056A422C4E39C3001D5392 /* SnapKit */ = {
			isa = XCSwiftPackageProductDependency;
			package = 17056A412C4E39C3001D5392 /* XCRemoteSwiftPackageReference "SnapKit" */;
			productName = SnapKit;
		};
		17FD49BF2C49307100E48F95 /* Hero */ = {
			isa = XCSwiftPackageProductDependency;
			package = 17FD49BE2C49307100E48F95 /* XCRemoteSwiftPackageReference "Hero" */;
			productName = Hero;
		};
/* End XCSwiftPackageProductDependency section */
	};
	rootObject = 17FD499F2C49300900E48F95 /* Project object */;
}
